
Microsoft Visual Studio Solution File, Format Version 12.00
# Visual Studio Version 16
VisualStudioVersion = 16.0.31729.503
MinimumVisualStudioVersion = 10.0.40219.1
Project("{FAE04EC0-301F-11D3-BF4B-00C04F79EFBC}") = "estulo-mediatr-crud-pessoa", "estulo-mediatr-crud-pessoa\estulo-mediatr-crud-pessoa.csproj", "{6222A402-0226-4865-A24D-23AC90EAEF40}"
EndProject
Global
	GlobalSection(SolutionConfigurationPlatforms) = preSolution
		Debug|Any CPU = Debug|Any CPU
		Release|Any CPU = Release|Any CPU
	EndGlobalSection
	GlobalSection(ProjectConfigurationPlatforms) = postSolution
		{6222A402-0226-4865-A24D-23AC90EAEF40}.Debug|Any CPU.ActiveCfg = Debug|Any CPU
		{6222A402-0226-4865-A24D-23AC90EAEF40}.Debug|Any CPU.Build.0 = Debug|Any CPU
		{6222A402-0226-4865-A24D-23AC90EAEF40}.Release|Any CPU.ActiveCfg = Release|Any CPU
		{6222A402-0226-4865-A24D-23AC90EAEF40}.Release|Any CPU.Build.0 = Release|Any CPU
	EndGlobalSection
	GlobalSection(SolutionProperties) = preSolution
		HideSolutionNode = FALSE
	EndGlobalSection
	GlobalSection(ExtensibilityGlobals) = postSolution
		SolutionGuid = {7B909B72-2855-4F3C-8F53-C6CA8D2BF62D}
	EndGlobalSection
EndGlobal
